
Microsoft Visual Studio Solution File, Format Version 12.00
# Visual Studio Version 17
VisualStudioVersion = 17.13.35825.156
MinimumVisualStudioVersion = 10.0.40219.1
Project("{2150E333-8FDC-42A3-9474-1A3956D46DE8}") = "Core", "Core", "{02EA681E-C7D8-13C7-8484-4AC65E1B71E8}"
EndProject
Project("{2150E333-8FDC-42A3-9474-1A3956D46DE8}") = "Infrastructure", "Infrastructure", "{A320DCEE-F26A-480A-82DD-1B219B366B9B}"
EndProject
Project("{2150E333-8FDC-42A3-9474-1A3956D46DE8}") = "UI", "UI", "{09BB30ED-2E54-43ED-A53A-A88F246F74B9}"
EndProject
Project("{2150E333-8FDC-42A3-9474-1A3956D46DE8}") = "Solution Items", "Solution Items", "{8EC462FD-D22E-90A8-E5CE-7E832BA40C5D}"
EndProject
Project("{2150E333-8FDC-42A3-9474-1A3956D46DE8}") = "API", "API", "{44F98B0E-9EC0-4835-A702-F89BA3BEA494}"
EndProject
Project("{FAE04EC0-301F-11D3-BF4B-00C04F79EFBC}") = "WIF.PortfolioManager.Domain", "WIF.PortfolioManager.Domain\WIF.PortfolioManager.Domain.csproj", "{8CF2F4E6-83BD-404D-ABF0-C98F3C9E5C97}"
EndProject
Project("{2150E333-8FDC-42A3-9474-1A3956D46DE8}") = "Application", "Application", "{3BD6E801-6F76-422E-BC3D-2C8A979E245E}"
EndProject
Project("{FAE04EC0-301F-11D3-BF4B-00C04F79EFBC}") = "WIF.PortfolioManager.Persistence", "WIF.PortfolioManager.Persistence\WIF.PortfolioManager.Persistence.csproj", "{BA4C1764-6EAE-47D3-ACC6-F22989035ECF}"
EndProject
Project("{FAE04EC0-301F-11D3-BF4B-00C04F79EFBC}") = "WIF.Common.Identity", "WIF.Common.Identity\WIF.Common.Identity.csproj", "{92B518A7-BA43-CEC4-8F6B-2BB9F6A2CB9B}"
EndProject
Project("{FAE04EC0-301F-11D3-BF4B-00C04F79EFBC}") = "WIF.PortfolioManager.Mvc", "WIF.PortfolioManager.Mvc\WIF.PortfolioManager.Mvc.csproj", "{9A795453-0CB9-DCA9-05C6-0E2834041E13}"
EndProject
Project("{FAE04EC0-301F-11D3-BF4B-00C04F79EFBC}") = "WIF.PortfolioManager.ImportService", "WIF.PortfolioManager.ImportService\WIF.PortfolioManager.ImportService.csproj", "{5CBF1DFD-7A00-68E5-C690-C2097AA30A6D}"
EndProject
Project("{FAE04EC0-301F-11D3-BF4B-00C04F79EFBC}") = "WIF.PortfolioManager.Application", "WIF.PortfolioManager.Application\WIF.PortfolioManager.Application.csproj", "{0E267867-F9A6-D4F6-3EA6-77D5DB320222}"
EndProject
Project("{FAE04EC0-301F-11D3-BF4B-00C04F79EFBC}") = "WIF.PortfolioManager.API", "WIF.PortfolioManager.API\WIF.PortfolioManager.API.csproj", "{4E2C991D-AF96-463D-9FFD-A2D92786C588}"
EndProject
Global
	GlobalSection(SolutionConfigurationPlatforms) = preSolution
		Debug|Any CPU = Debug|Any CPU
		Release|Any CPU = Release|Any CPU
	EndGlobalSection
	GlobalSection(ProjectConfigurationPlatforms) = postSolution
		{8CF2F4E6-83BD-404D-ABF0-C98F3C9E5C97}.Debug|Any CPU.ActiveCfg = Debug|Any CPU
		{8CF2F4E6-83BD-404D-ABF0-C98F3C9E5C97}.Debug|Any CPU.Build.0 = Debug|Any CPU
		{8CF2F4E6-83BD-404D-ABF0-C98F3C9E5C97}.Release|Any CPU.ActiveCfg = Release|Any CPU
		{8CF2F4E6-83BD-404D-ABF0-C98F3C9E5C97}.Release|Any CPU.Build.0 = Release|Any CPU
		{BA4C1764-6EAE-47D3-ACC6-F22989035ECF}.Debug|Any CPU.ActiveCfg = Debug|Any CPU
		{BA4C1764-6EAE-47D3-ACC6-F22989035ECF}.Debug|Any CPU.Build.0 = Debug|Any CPU
		{BA4C1764-6EAE-47D3-ACC6-F22989035ECF}.Release|Any CPU.ActiveCfg = Release|Any CPU
		{BA4C1764-6EAE-47D3-ACC6-F22989035ECF}.Release|Any CPU.Build.0 = Release|Any CPU
		{92B518A7-BA43-CEC4-8F6B-2BB9F6A2CB9B}.Debug|Any CPU.ActiveCfg = Debug|Any CPU
		{92B518A7-BA43-CEC4-8F6B-2BB9F6A2CB9B}.Debug|Any CPU.Build.0 = Debug|Any CPU
		{92B518A7-BA43-CEC4-8F6B-2BB9F6A2CB9B}.Release|Any CPU.ActiveCfg = Release|Any CPU
		{92B518A7-BA43-CEC4-8F6B-2BB9F6A2CB9B}.Release|Any CPU.Build.0 = Release|Any CPU
		{9A795453-0CB9-DCA9-05C6-0E2834041E13}.Debug|Any CPU.ActiveCfg = Debug|Any CPU
		{9A795453-0CB9-DCA9-05C6-0E2834041E13}.Debug|Any CPU.Build.0 = Debug|Any CPU
		{9A795453-0CB9-DCA9-05C6-0E2834041E13}.Release|Any CPU.ActiveCfg = Release|Any CPU
		{9A795453-0CB9-DCA9-05C6-0E2834041E13}.Release|Any CPU.Build.0 = Release|Any CPU
		{5CBF1DFD-7A00-68E5-C690-C2097AA30A6D}.Debug|Any CPU.ActiveCfg = Debug|Any CPU
		{5CBF1DFD-7A00-68E5-C690-C2097AA30A6D}.Debug|Any CPU.Build.0 = Debug|Any CPU
		{5CBF1DFD-7A00-68E5-C690-C2097AA30A6D}.Release|Any CPU.ActiveCfg = Release|Any CPU
		{5CBF1DFD-7A00-68E5-C690-C2097AA30A6D}.Release|Any CPU.Build.0 = Release|Any CPU
		{0E267867-F9A6-D4F6-3EA6-77D5DB320222}.Debug|Any CPU.ActiveCfg = Debug|Any CPU
		{0E267867-F9A6-D4F6-3EA6-77D5DB320222}.Debug|Any CPU.Build.0 = Debug|Any CPU
		{0E267867-F9A6-D4F6-3EA6-77D5DB320222}.Release|Any CPU.ActiveCfg = Release|Any CPU
		{0E267867-F9A6-D4F6-3EA6-77D5DB320222}.Release|Any CPU.Build.0 = Release|Any CPU
		{4E2C991D-AF96-463D-9FFD-A2D92786C588}.Debug|Any CPU.ActiveCfg = Debug|Any CPU
		{4E2C991D-AF96-463D-9FFD-A2D92786C588}.Debug|Any CPU.Build.0 = Debug|Any CPU
		{4E2C991D-AF96-463D-9FFD-A2D92786C588}.Release|Any CPU.ActiveCfg = Release|Any CPU
		{4E2C991D-AF96-463D-9FFD-A2D92786C588}.Release|Any CPU.Build.0 = Release|Any CPU
	EndGlobalSection
	GlobalSection(SolutionProperties) = preSolution
		HideSolutionNode = FALSE
	EndGlobalSection
	GlobalSection(NestedProjects) = preSolution
		{8CF2F4E6-83BD-404D-ABF0-C98F3C9E5C97} = {02EA681E-C7D8-13C7-8484-4AC65E1B71E8}
		{BA4C1764-6EAE-47D3-ACC6-F22989035ECF} = {A320DCEE-F26A-480A-82DD-1B219B366B9B}
		{92B518A7-BA43-CEC4-8F6B-2BB9F6A2CB9B} = {A320DCEE-F26A-480A-82DD-1B219B366B9B}
		{9A795453-0CB9-DCA9-05C6-0E2834041E13} = {09BB30ED-2E54-43ED-A53A-A88F246F74B9}
		{5CBF1DFD-7A00-68E5-C690-C2097AA30A6D} = {09BB30ED-2E54-43ED-A53A-A88F246F74B9}
		{0E267867-F9A6-D4F6-3EA6-77D5DB320222} = {3BD6E801-6F76-422E-BC3D-2C8A979E245E}
		{4E2C991D-AF96-463D-9FFD-A2D92786C588} = {44F98B0E-9EC0-4835-A702-F89BA3BEA494}
	EndGlobalSection
	GlobalSection(ExtensibilityGlobals) = postSolution
		SolutionGuid = {8DF79A06-47BD-4E33-A7BE-98557E0138A7}
	EndGlobalSection
EndGlobal
