
Microsoft Visual Studio Solution File, Format Version 12.00
# Visual Studio Version 17
VisualStudioVersion = 17.13.35825.156
MinimumVisualStudioVersion = 10.0.40219.1
Project("{FAE04EC0-301F-11D3-BF4B-00C04F79EFBC}") = "WIF.PortfolioManager.Application", "WIF.Core\WIF.PortfolioManager.Application.csproj", "{D57747D2-41DC-4F70-852F-C7D91946015C}"
EndProject
Project("{2150E333-8FDC-42A3-9474-1A3956D46DE8}") = "Core", "Core", "{02EA681E-C7D8-13C7-8484-4AC65E1B71E8}"
EndProject
Project("{2150E333-8FDC-42A3-9474-1A3956D46DE8}") = "Infrastructure", "Infrastructure", "{A320DCEE-F26A-480A-82DD-1B219B366B9B}"
EndProject
Project("{2150E333-8FDC-42A3-9474-1A3956D46DE8}") = "UI", "UI", "{09BB30ED-2E54-43ED-A53A-A88F246F74B9}"
EndProject
Project("{FAE04EC0-301F-11D3-BF4B-00C04F79EFBC}") = "WIF.Base.Mvc", "WIF.Base.Mvc\WIF.Base.Mvc.csproj", "{966B25BC-6FB6-4B9C-A0C4-4A94DD5C3842}"
EndProject
Project("{2150E333-8FDC-42A3-9474-1A3956D46DE8}") = "Solution Items", "Solution Items", "{8EC462FD-D22E-90A8-E5CE-7E832BA40C5D}"
EndProject
Project("{FAE04EC0-301F-11D3-BF4B-00C04F79EFBC}") = "WIF.Base.ImportService", "WIF.Base.ImportService\WIF.Base.ImportService.csproj", "{2000D7FD-19E9-4E4A-B696-314D4810E249}"
EndProject
Project("{2150E333-8FDC-42A3-9474-1A3956D46DE8}") = "API", "API", "{44F98B0E-9EC0-4835-A702-F89BA3BEA494}"
EndProject
Project("{FAE04EC0-301F-11D3-BF4B-00C04F79EFBC}") = "WIF.PortfolioManager.Domain", "WIF.PortfolioManager.Domain\WIF.PortfolioManager.Domain.csproj", "{8CF2F4E6-83BD-404D-ABF0-C98F3C9E5C97}"
EndProject
Project("{2150E333-8FDC-42A3-9474-1A3956D46DE8}") = "Application", "Application", "{3BD6E801-6F76-422E-BC3D-2C8A979E245E}"
EndProject
Project("{FAE04EC0-301F-11D3-BF4B-00C04F79EFBC}") = "WIF.Common.Identity", "WIF.PortfolioManager.Identity\WIF.Common.Identity.csproj", "{F4F3B875-151F-4796-8F7A-76633666C1DA}"
EndProject
Project("{FAE04EC0-301F-11D3-BF4B-00C04F79EFBC}") = "WIF.PortfolioManager.Persistence", "WIF.PortfolioManager.Persistence\WIF.PortfolioManager.Persistence.csproj", "{BA4C1764-6EAE-47D3-ACC6-F22989035ECF}"
EndProject
Global
	GlobalSection(SolutionConfigurationPlatforms) = preSolution
		Debug|Any CPU = Debug|Any CPU
		Release|Any CPU = Release|Any CPU
	EndGlobalSection
	GlobalSection(ProjectConfigurationPlatforms) = postSolution
		{D57747D2-41DC-4F70-852F-C7D91946015C}.Debug|Any CPU.ActiveCfg = Debug|Any CPU
		{D57747D2-41DC-4F70-852F-C7D91946015C}.Debug|Any CPU.Build.0 = Debug|Any CPU
		{D57747D2-41DC-4F70-852F-C7D91946015C}.Release|Any CPU.ActiveCfg = Release|Any CPU
		{D57747D2-41DC-4F70-852F-C7D91946015C}.Release|Any CPU.Build.0 = Release|Any CPU
		{966B25BC-6FB6-4B9C-A0C4-4A94DD5C3842}.Debug|Any CPU.ActiveCfg = Debug|Any CPU
		{966B25BC-6FB6-4B9C-A0C4-4A94DD5C3842}.Debug|Any CPU.Build.0 = Debug|Any CPU
		{966B25BC-6FB6-4B9C-A0C4-4A94DD5C3842}.Release|Any CPU.ActiveCfg = Release|Any CPU
		{966B25BC-6FB6-4B9C-A0C4-4A94DD5C3842}.Release|Any CPU.Build.0 = Release|Any CPU
		{2000D7FD-19E9-4E4A-B696-314D4810E249}.Debug|Any CPU.ActiveCfg = Debug|Any CPU
		{2000D7FD-19E9-4E4A-B696-314D4810E249}.Debug|Any CPU.Build.0 = Debug|Any CPU
		{2000D7FD-19E9-4E4A-B696-314D4810E249}.Release|Any CPU.ActiveCfg = Release|Any CPU
		{2000D7FD-19E9-4E4A-B696-314D4810E249}.Release|Any CPU.Build.0 = Release|Any CPU
		{8CF2F4E6-83BD-404D-ABF0-C98F3C9E5C97}.Debug|Any CPU.ActiveCfg = Debug|Any CPU
		{8CF2F4E6-83BD-404D-ABF0-C98F3C9E5C97}.Debug|Any CPU.Build.0 = Debug|Any CPU
		{8CF2F4E6-83BD-404D-ABF0-C98F3C9E5C97}.Release|Any CPU.ActiveCfg = Release|Any CPU
		{8CF2F4E6-83BD-404D-ABF0-C98F3C9E5C97}.Release|Any CPU.Build.0 = Release|Any CPU
		{F4F3B875-151F-4796-8F7A-76633666C1DA}.Debug|Any CPU.ActiveCfg = Debug|Any CPU
		{F4F3B875-151F-4796-8F7A-76633666C1DA}.Debug|Any CPU.Build.0 = Debug|Any CPU
		{F4F3B875-151F-4796-8F7A-76633666C1DA}.Release|Any CPU.ActiveCfg = Release|Any CPU
		{F4F3B875-151F-4796-8F7A-76633666C1DA}.Release|Any CPU.Build.0 = Release|Any CPU
		{BA4C1764-6EAE-47D3-ACC6-F22989035ECF}.Debug|Any CPU.ActiveCfg = Debug|Any CPU
		{BA4C1764-6EAE-47D3-ACC6-F22989035ECF}.Debug|Any CPU.Build.0 = Debug|Any CPU
		{BA4C1764-6EAE-47D3-ACC6-F22989035ECF}.Release|Any CPU.ActiveCfg = Release|Any CPU
		{BA4C1764-6EAE-47D3-ACC6-F22989035ECF}.Release|Any CPU.Build.0 = Release|Any CPU
	EndGlobalSection
	GlobalSection(SolutionProperties) = preSolution
		HideSolutionNode = FALSE
	EndGlobalSection
	GlobalSection(NestedProjects) = preSolution
		{D57747D2-41DC-4F70-852F-C7D91946015C} = {3BD6E801-6F76-422E-BC3D-2C8A979E245E}
		{966B25BC-6FB6-4B9C-A0C4-4A94DD5C3842} = {09BB30ED-2E54-43ED-A53A-A88F246F74B9}
		{2000D7FD-19E9-4E4A-B696-314D4810E249} = {09BB30ED-2E54-43ED-A53A-A88F246F74B9}
		{8CF2F4E6-83BD-404D-ABF0-C98F3C9E5C97} = {02EA681E-C7D8-13C7-8484-4AC65E1B71E8}
		{F4F3B875-151F-4796-8F7A-76633666C1DA} = {A320DCEE-F26A-480A-82DD-1B219B366B9B}
		{BA4C1764-6EAE-47D3-ACC6-F22989035ECF} = {A320DCEE-F26A-480A-82DD-1B219B366B9B}
	EndGlobalSection
	GlobalSection(ExtensibilityGlobals) = postSolution
		SolutionGuid = {8DF79A06-47BD-4E33-A7BE-98557E0138A7}
	EndGlobalSection
EndGlobal
